
Microsoft Visual Studio Solution File, Format Version 12.00
# Visual Studio 14
VisualStudioVersion = 14.0.23107.0
MinimumVisualStudioVersion = 10.0.40219.1
Project("{2150E333-8FDC-42A3-9474-1A3956D46DE8}") = "src", "src", "{7ECEB626-B61B-4A2C-8D65-DC1745746DBE}"
EndProject
Project("{2150E333-8FDC-42A3-9474-1A3956D46DE8}") = "Solution Items", "Solution Items", "{9F1672F3-AF4E-4441-8E49-3140F37E00E1}"
	ProjectSection(SolutionItems) = preProject
		global.json = global.json
	EndProjectSection
EndProject
Project("{8BB2217D-0F2D-49D1-97BC-3654ED321F3B}") = "EnumerablePerformanceComparison", "src\EnumerablePerformanceComparison\EnumerablePerformanceComparison.xproj", "{DBB4F162-9261-495D-90FC-D55CCBF66AA4}"
EndProject
Global
	GlobalSection(SolutionConfigurationPlatforms) = preSolution
		Debug|Any CPU = Debug|Any CPU
		Release|Any CPU = Release|Any CPU
	EndGlobalSection
	GlobalSection(ProjectConfigurationPlatforms) = postSolution
		{DBB4F162-9261-495D-90FC-D55CCBF66AA4}.Debug|Any CPU.ActiveCfg = Debug|Any CPU
		{DBB4F162-9261-495D-90FC-D55CCBF66AA4}.Debug|Any CPU.Build.0 = Debug|Any CPU
		{DBB4F162-9261-495D-90FC-D55CCBF66AA4}.Release|Any CPU.ActiveCfg = Release|Any CPU
		{DBB4F162-9261-495D-90FC-D55CCBF66AA4}.Release|Any CPU.Build.0 = Release|Any CPU
	EndGlobalSection
	GlobalSection(SolutionProperties) = preSolution
		HideSolutionNode = FALSE
	EndGlobalSection
	GlobalSection(NestedProjects) = preSolution
		{DBB4F162-9261-495D-90FC-D55CCBF66AA4} = {7ECEB626-B61B-4A2C-8D65-DC1745746DBE}
	EndGlobalSection
EndGlobal
